
Microsoft Visual Studio Solution File, Format Version 12.00
# Visual Studio Version 16
VisualStudioVersion = 16.0.31205.134
MinimumVisualStudioVersion = 10.0.40219.1
Project("{FAE04EC0-301F-11D3-BF4B-00C04F79EFBC}") = "GerenciadorCondominios", "GerenciadorCondominios\GerenciadorCondominios.csproj", "{1F3FC857-71C4-45E0-9EFD-459EE79F0E83}"
EndProject
Project("{FAE04EC0-301F-11D3-BF4B-00C04F79EFBC}") = "GerenciadorCondominios.BLL", "GerenciadorCondominios.BLL\GerenciadorCondominios.BLL.csproj", "{B8883374-9352-48C2-8B57-47D9EEED3E28}"
EndProject
Project("{FAE04EC0-301F-11D3-BF4B-00C04F79EFBC}") = "GerenciadorCondominios.DAL", "GerenciadorCondominios.DAL\GerenciadorCondominios.DAL.csproj", "{12FA0DA6-E5B0-4511-BD99-5E7ABE4DEC41}"
EndProject
Global
	GlobalSection(SolutionConfigurationPlatforms) = preSolution
		Debug|Any CPU = Debug|Any CPU
		Release|Any CPU = Release|Any CPU
	EndGlobalSection
	GlobalSection(ProjectConfigurationPlatforms) = postSolution
		{1F3FC857-71C4-45E0-9EFD-459EE79F0E83}.Debug|Any CPU.ActiveCfg = Debug|Any CPU
		{1F3FC857-71C4-45E0-9EFD-459EE79F0E83}.Debug|Any CPU.Build.0 = Debug|Any CPU
		{1F3FC857-71C4-45E0-9EFD-459EE79F0E83}.Release|Any CPU.ActiveCfg = Release|Any CPU
		{1F3FC857-71C4-45E0-9EFD-459EE79F0E83}.Release|Any CPU.Build.0 = Release|Any CPU
		{B8883374-9352-48C2-8B57-47D9EEED3E28}.Debug|Any CPU.ActiveCfg = Debug|Any CPU
		{B8883374-9352-48C2-8B57-47D9EEED3E28}.Debug|Any CPU.Build.0 = Debug|Any CPU
		{B8883374-9352-48C2-8B57-47D9EEED3E28}.Release|Any CPU.ActiveCfg = Release|Any CPU
		{B8883374-9352-48C2-8B57-47D9EEED3E28}.Release|Any CPU.Build.0 = Release|Any CPU
		{12FA0DA6-E5B0-4511-BD99-5E7ABE4DEC41}.Debug|Any CPU.ActiveCfg = Debug|Any CPU
		{12FA0DA6-E5B0-4511-BD99-5E7ABE4DEC41}.Debug|Any CPU.Build.0 = Debug|Any CPU
		{12FA0DA6-E5B0-4511-BD99-5E7ABE4DEC41}.Release|Any CPU.ActiveCfg = Release|Any CPU
		{12FA0DA6-E5B0-4511-BD99-5E7ABE4DEC41}.Release|Any CPU.Build.0 = Release|Any CPU
	EndGlobalSection
	GlobalSection(SolutionProperties) = preSolution
		HideSolutionNode = FALSE
	EndGlobalSection
	GlobalSection(ExtensibilityGlobals) = postSolution
		SolutionGuid = {31344805-6D67-4F39-A651-BA8DF66365B4}
	EndGlobalSection
EndGlobal
